// !$*UTF8*$!
{
	archiveVersion = 1;
	classes = {
	};
	objectVersion = 56;
	objects = {

/* Begin PBXBuildFile section */
		8F3C4276299A2CCD00EB8CC8 /* boxOfficeSample.json in Resources */ = {isa = PBXBuildFile; fileRef = 8F3C4275299A2CCD00EB8CC8 /* boxOfficeSample.json */; };
		8F3C4279299A2CEE00EB8CC8 /* BoxOfficeResult.swift in Sources */ = {isa = PBXBuildFile; fileRef = 8F3C4278299A2CEE00EB8CC8 /* BoxOfficeResult.swift */; };
		8F3C4281299A717500EB8CC8 /* BoxOfficeResultParsingTests.swift in Sources */ = {isa = PBXBuildFile; fileRef = 8F3C4280299A717500EB8CC8 /* BoxOfficeResultParsingTests.swift */; };
		8F3C4289299A804E00EB8CC8 /* Alamofire in Frameworks */ = {isa = PBXBuildFile; productRef = 8F3C4288299A804E00EB8CC8 /* Alamofire */; };
		8F3C428C299A808C00EB8CC8 /* NetworkService.swift in Sources */ = {isa = PBXBuildFile; fileRef = 8F3C428B299A808C00EB8CC8 /* NetworkService.swift */; };
		8F79E883299CAF15003093D1 /* URLHost.swift in Sources */ = {isa = PBXBuildFile; fileRef = 8F79E882299CAF15003093D1 /* URLHost.swift */; };
		8F79E885299CB059003093D1 /* URLPath.swift in Sources */ = {isa = PBXBuildFile; fileRef = 8F79E884299CB059003093D1 /* URLPath.swift */; };
		8F79E887299CBFFC003093D1 /* APIRequestProtocol.swift in Sources */ = {isa = PBXBuildFile; fileRef = 8F79E886299CBFFC003093D1 /* APIRequestProtocol.swift */; };
		8F79E889299CC17F003093D1 /* HTTPMethod.swift in Sources */ = {isa = PBXBuildFile; fileRef = 8F79E888299CC17F003093D1 /* HTTPMethod.swift */; };
		8F79E88C299CCB77003093D1 /* KobisDailyBoxOfficeAPIRequest.swift in Sources */ = {isa = PBXBuildFile; fileRef = 8F79E88B299CCB77003093D1 /* KobisDailyBoxOfficeAPIRequest.swift */; };
		8F79E88F299CCC97003093D1 /* Date+Extension.swift in Sources */ = {isa = PBXBuildFile; fileRef = 8F79E88E299CCC97003093D1 /* Date+Extension.swift */; };
		8F79E8A3299E42E8003093D1 /* MovieDetail.swift in Sources */ = {isa = PBXBuildFile; fileRef = 8F79E8A2299E42E8003093D1 /* MovieDetail.swift */; };
		8F79E8A5299E5B38003093D1 /* MovieDetailAPIRequest.swift in Sources */ = {isa = PBXBuildFile; fileRef = 8F79E8A4299E5B38003093D1 /* MovieDetailAPIRequest.swift */; };
		8F79E8A9299E67A7003093D1 /* BoxOfficeListViewModel.swift in Sources */ = {isa = PBXBuildFile; fileRef = 8F79E8A8299E67A7003093D1 /* BoxOfficeListViewModel.swift */; };
		8FAC904F29963FF200DEC80C /* AppDelegate.swift in Sources */ = {isa = PBXBuildFile; fileRef = 8FAC904E29963FF200DEC80C /* AppDelegate.swift */; };
		8FAC905129963FF200DEC80C /* SceneDelegate.swift in Sources */ = {isa = PBXBuildFile; fileRef = 8FAC905029963FF200DEC80C /* SceneDelegate.swift */; };
		8FAC905329963FF200DEC80C /* BoxOfficeListViewController.swift in Sources */ = {isa = PBXBuildFile; fileRef = 8FAC905229963FF200DEC80C /* BoxOfficeListViewController.swift */; };
		8FAC905829963FF300DEC80C /* Assets.xcassets in Resources */ = {isa = PBXBuildFile; fileRef = 8FAC905729963FF300DEC80C /* Assets.xcassets */; };
		8FAC905B29963FF300DEC80C /* LaunchScreen.storyboard in Resources */ = {isa = PBXBuildFile; fileRef = 8FAC905929963FF300DEC80C /* LaunchScreen.storyboard */; };
/* End PBXBuildFile section */

/* Begin PBXContainerItemProxy section */
		8F3C4282299A717500EB8CC8 /* PBXContainerItemProxy */ = {
			isa = PBXContainerItemProxy;
			containerPortal = 8FAC904329963FF200DEC80C /* Project object */;
			proxyType = 1;
			remoteGlobalIDString = 8FAC904A29963FF200DEC80C;
			remoteInfo = CleanBoxOffice;
		};
/* End PBXContainerItemProxy section */

/* Begin PBXFileReference section */
		8F3C4275299A2CCD00EB8CC8 /* boxOfficeSample.json */ = {isa = PBXFileReference; fileEncoding = 4; lastKnownFileType = text.json; path = boxOfficeSample.json; sourceTree = "<group>"; };
		8F3C4278299A2CEE00EB8CC8 /* BoxOfficeResult.swift */ = {isa = PBXFileReference; lastKnownFileType = sourcecode.swift; name = BoxOfficeResult.swift; path = ../../../../../../Documents/BoxOfficeResult.swift; sourceTree = "<group>"; };
		8F3C427E299A717500EB8CC8 /* BoxOfficeResultParsingTests.xctest */ = {isa = PBXFileReference; explicitFileType = wrapper.cfbundle; includeInIndex = 0; path = BoxOfficeResultParsingTests.xctest; sourceTree = BUILT_PRODUCTS_DIR; };
		8F3C4280299A717500EB8CC8 /* BoxOfficeResultParsingTests.swift */ = {isa = PBXFileReference; lastKnownFileType = sourcecode.swift; path = BoxOfficeResultParsingTests.swift; sourceTree = "<group>"; };
		8F3C428B299A808C00EB8CC8 /* NetworkService.swift */ = {isa = PBXFileReference; lastKnownFileType = sourcecode.swift; path = NetworkService.swift; sourceTree = "<group>"; };
		8F79E882299CAF15003093D1 /* URLHost.swift */ = {isa = PBXFileReference; lastKnownFileType = sourcecode.swift; path = URLHost.swift; sourceTree = "<group>"; };
		8F79E884299CB059003093D1 /* URLPath.swift */ = {isa = PBXFileReference; lastKnownFileType = sourcecode.swift; path = URLPath.swift; sourceTree = "<group>"; };
		8F79E886299CBFFC003093D1 /* APIRequestProtocol.swift */ = {isa = PBXFileReference; lastKnownFileType = sourcecode.swift; path = APIRequestProtocol.swift; sourceTree = "<group>"; };
		8F79E888299CC17F003093D1 /* HTTPMethod.swift */ = {isa = PBXFileReference; lastKnownFileType = sourcecode.swift; path = HTTPMethod.swift; sourceTree = "<group>"; };
		8F79E88B299CCB77003093D1 /* KobisDailyBoxOfficeAPIRequest.swift */ = {isa = PBXFileReference; lastKnownFileType = sourcecode.swift; path = KobisDailyBoxOfficeAPIRequest.swift; sourceTree = "<group>"; };
		8F79E88E299CCC97003093D1 /* Date+Extension.swift */ = {isa = PBXFileReference; lastKnownFileType = sourcecode.swift; path = "Date+Extension.swift"; sourceTree = "<group>"; };
		8F79E8A2299E42E8003093D1 /* MovieDetail.swift */ = {isa = PBXFileReference; lastKnownFileType = sourcecode.swift; path = MovieDetail.swift; sourceTree = "<group>"; };
		8F79E8A4299E5B38003093D1 /* MovieDetailAPIRequest.swift */ = {isa = PBXFileReference; lastKnownFileType = sourcecode.swift; path = MovieDetailAPIRequest.swift; sourceTree = "<group>"; };
		8F79E8A8299E67A7003093D1 /* BoxOfficeListViewModel.swift */ = {isa = PBXFileReference; lastKnownFileType = sourcecode.swift; path = BoxOfficeListViewModel.swift; sourceTree = "<group>"; };
		8FAC904B29963FF200DEC80C /* CleanBoxOffice.app */ = {isa = PBXFileReference; explicitFileType = wrapper.application; includeInIndex = 0; path = CleanBoxOffice.app; sourceTree = BUILT_PRODUCTS_DIR; };
		8FAC904E29963FF200DEC80C /* AppDelegate.swift */ = {isa = PBXFileReference; lastKnownFileType = sourcecode.swift; path = AppDelegate.swift; sourceTree = "<group>"; };
		8FAC905029963FF200DEC80C /* SceneDelegate.swift */ = {isa = PBXFileReference; lastKnownFileType = sourcecode.swift; path = SceneDelegate.swift; sourceTree = "<group>"; };
		8FAC905229963FF200DEC80C /* BoxOfficeListViewController.swift */ = {isa = PBXFileReference; lastKnownFileType = sourcecode.swift; path = BoxOfficeListViewController.swift; sourceTree = "<group>"; };
		8FAC905729963FF300DEC80C /* Assets.xcassets */ = {isa = PBXFileReference; lastKnownFileType = folder.assetcatalog; path = Assets.xcassets; sourceTree = "<group>"; };
		8FAC905A29963FF300DEC80C /* Base */ = {isa = PBXFileReference; lastKnownFileType = file.storyboard; name = Base; path = Base.lproj/LaunchScreen.storyboard; sourceTree = "<group>"; };
		8FAC905C29963FF300DEC80C /* Info.plist */ = {isa = PBXFileReference; lastKnownFileType = text.plist.xml; path = Info.plist; sourceTree = "<group>"; };
/* End PBXFileReference section */

/* Begin PBXFrameworksBuildPhase section */
		8F3C427B299A717500EB8CC8 /* Frameworks */ = {
			isa = PBXFrameworksBuildPhase;
			buildActionMask = 2147483647;
			files = (
			);
			runOnlyForDeploymentPostprocessing = 0;
		};
		8FAC904829963FF200DEC80C /* Frameworks */ = {
			isa = PBXFrameworksBuildPhase;
			buildActionMask = 2147483647;
			files = (
				8F3C4289299A804E00EB8CC8 /* Alamofire in Frameworks */,
			);
			runOnlyForDeploymentPostprocessing = 0;
		};
/* End PBXFrameworksBuildPhase section */

/* Begin PBXGroup section */
		8F3C4273299A2C3200EB8CC8 /* Application */ = {
			isa = PBXGroup;
			children = (
				8FAC904E29963FF200DEC80C /* AppDelegate.swift */,
				8FAC905029963FF200DEC80C /* SceneDelegate.swift */,
			);
			path = Application;
			sourceTree = "<group>";
		};
		8F3C4274299A2C8000EB8CC8 /* Resorces */ = {
			isa = PBXGroup;
			children = (
				8F3C4275299A2CCD00EB8CC8 /* boxOfficeSample.json */,
				8FAC905729963FF300DEC80C /* Assets.xcassets */,
				8FAC905929963FF300DEC80C /* LaunchScreen.storyboard */,
			);
			path = Resorces;
			sourceTree = "<group>";
		};
		8F3C4277299A2CD400EB8CC8 /* Model */ = {
			isa = PBXGroup;
			children = (
				8F3C4278299A2CEE00EB8CC8 /* BoxOfficeResult.swift */,
				8F79E8A2299E42E8003093D1 /* MovieDetail.swift */,
			);
			path = Model;
			sourceTree = "<group>";
		};
		8F3C427F299A717500EB8CC8 /* BoxOfficeResultParsingTests */ = {
			isa = PBXGroup;
			children = (
				8F3C4280299A717500EB8CC8 /* BoxOfficeResultParsingTests.swift */,
			);
			path = BoxOfficeResultParsingTests;
			sourceTree = "<group>";
		};
		8F3C428A299A807700EB8CC8 /* Service */ = {
			isa = PBXGroup;
			children = (
				8F79E882299CAF15003093D1 /* URLHost.swift */,
				8F79E884299CB059003093D1 /* URLPath.swift */,
				8F79E888299CC17F003093D1 /* HTTPMethod.swift */,
				8F79E886299CBFFC003093D1 /* APIRequestProtocol.swift */,
				8F3C428B299A808C00EB8CC8 /* NetworkService.swift */,
				8F79E88A299CCB5C003093D1 /* KobisAPI */,
			);
			path = Service;
			sourceTree = "<group>";
		};
		8F79E88A299CCB5C003093D1 /* KobisAPI */ = {
			isa = PBXGroup;
			children = (
				8F79E88B299CCB77003093D1 /* KobisDailyBoxOfficeAPIRequest.swift */,
				8F79E8A4299E5B38003093D1 /* MovieDetailAPIRequest.swift */,
			);
			path = KobisAPI;
			sourceTree = "<group>";
		};
		8F79E88D299CCC88003093D1 /* Extension */ = {
			isa = PBXGroup;
			children = (
				8F79E88E299CCC97003093D1 /* Date+Extension.swift */,
			);
			path = Extension;
			sourceTree = "<group>";
		};
		8F79E8A6299E66AF003093D1 /* Domain */ = {
			isa = PBXGroup;
			children = (
				8F79E8A7299E66EB003093D1 /* BoxOfficeListView */,
			);
			path = Domain;
			sourceTree = "<group>";
		};
		8F79E8A7299E66EB003093D1 /* BoxOfficeListView */ = {
			isa = PBXGroup;
			children = (
				8FAC905229963FF200DEC80C /* BoxOfficeListViewController.swift */,
				8F79E8A8299E67A7003093D1 /* BoxOfficeListViewModel.swift */,
			);
			path = BoxOfficeListView;
			sourceTree = "<group>";
		};
		8FAC904229963FF200DEC80C = {
			isa = PBXGroup;
			children = (
				8FAC904D29963FF200DEC80C /* CleanBoxOffice */,
				8F3C427F299A717500EB8CC8 /* BoxOfficeResultParsingTests */,
				8FAC904C29963FF200DEC80C /* Products */,
			);
			sourceTree = "<group>";
		};
		8FAC904C29963FF200DEC80C /* Products */ = {
			isa = PBXGroup;
			children = (
				8FAC904B29963FF200DEC80C /* CleanBoxOffice.app */,
				8F3C427E299A717500EB8CC8 /* BoxOfficeResultParsingTests.xctest */,
			);
			name = Products;
			sourceTree = "<group>";
		};
		8FAC904D29963FF200DEC80C /* CleanBoxOffice */ = {
			isa = PBXGroup;
			children = (
				8F79E8A6299E66AF003093D1 /* Domain */,
				8F79E88D299CCC88003093D1 /* Extension */,
				8F3C428A299A807700EB8CC8 /* Service */,
				8F3C4277299A2CD400EB8CC8 /* Model */,
				8F3C4273299A2C3200EB8CC8 /* Application */,
				8F3C4274299A2C8000EB8CC8 /* Resorces */,
				8FAC905C29963FF300DEC80C /* Info.plist */,
			);
			path = CleanBoxOffice;
			sourceTree = "<group>";
		};
/* End PBXGroup section */

/* Begin PBXNativeTarget section */
		8F3C427D299A717500EB8CC8 /* BoxOfficeResultParsingTests */ = {
			isa = PBXNativeTarget;
			buildConfigurationList = 8F3C4284299A717500EB8CC8 /* Build configuration list for PBXNativeTarget "BoxOfficeResultParsingTests" */;
			buildPhases = (
				8F3C427A299A717500EB8CC8 /* Sources */,
				8F3C427B299A717500EB8CC8 /* Frameworks */,
				8F3C427C299A717500EB8CC8 /* Resources */,
			);
			buildRules = (
			);
			dependencies = (
				8F3C4283299A717500EB8CC8 /* PBXTargetDependency */,
			);
			name = BoxOfficeResultParsingTests;
			productName = BoxOfficeResultParsingTests;
			productReference = 8F3C427E299A717500EB8CC8 /* BoxOfficeResultParsingTests.xctest */;
			productType = "com.apple.product-type.bundle.unit-test";
		};
		8FAC904A29963FF200DEC80C /* CleanBoxOffice */ = {
			isa = PBXNativeTarget;
			buildConfigurationList = 8FAC905F29963FF300DEC80C /* Build configuration list for PBXNativeTarget "CleanBoxOffice" */;
			buildPhases = (
				8FAC904729963FF200DEC80C /* Sources */,
				8FAC904829963FF200DEC80C /* Frameworks */,
				8FAC904929963FF200DEC80C /* Resources */,
			);
			buildRules = (
			);
			dependencies = (
			);
			name = CleanBoxOffice;
			packageProductDependencies = (
				8F3C4288299A804E00EB8CC8 /* Alamofire */,
			);
			productName = CleanBoxOffice;
			productReference = 8FAC904B29963FF200DEC80C /* CleanBoxOffice.app */;
			productType = "com.apple.product-type.application";
		};
/* End PBXNativeTarget section */

/* Begin PBXProject section */
		8FAC904329963FF200DEC80C /* Project object */ = {
			isa = PBXProject;
			attributes = {
				BuildIndependentTargetsInParallel = 1;
				LastSwiftUpdateCheck = 1410;
				LastUpgradeCheck = 1410;
				TargetAttributes = {
					8F3C427D299A717500EB8CC8 = {
						CreatedOnToolsVersion = 14.1;
						TestTargetID = 8FAC904A29963FF200DEC80C;
					};
					8FAC904A29963FF200DEC80C = {
						CreatedOnToolsVersion = 14.1;
					};
				};
			};
			buildConfigurationList = 8FAC904629963FF200DEC80C /* Build configuration list for PBXProject "CleanBoxOffice" */;
			compatibilityVersion = "Xcode 14.0";
			developmentRegion = en;
			hasScannedForEncodings = 0;
			knownRegions = (
				en,
				Base,
			);
			mainGroup = 8FAC904229963FF200DEC80C;
			packageReferences = (
				8F3C4287299A804E00EB8CC8 /* XCRemoteSwiftPackageReference "Alamofire" */,
			);
			productRefGroup = 8FAC904C29963FF200DEC80C /* Products */;
			projectDirPath = "";
			projectRoot = "";
			targets = (
				8FAC904A29963FF200DEC80C /* CleanBoxOffice */,
				8F3C427D299A717500EB8CC8 /* BoxOfficeResultParsingTests */,
			);
		};
/* End PBXProject section */

/* Begin PBXResourcesBuildPhase section */
		8F3C427C299A717500EB8CC8 /* Resources */ = {
			isa = PBXResourcesBuildPhase;
			buildActionMask = 2147483647;
			files = (
			);
			runOnlyForDeploymentPostprocessing = 0;
		};
		8FAC904929963FF200DEC80C /* Resources */ = {
			isa = PBXResourcesBuildPhase;
			buildActionMask = 2147483647;
			files = (
				8FAC905B29963FF300DEC80C /* LaunchScreen.storyboard in Resources */,
				8F3C4276299A2CCD00EB8CC8 /* boxOfficeSample.json in Resources */,
				8FAC905829963FF300DEC80C /* Assets.xcassets in Resources */,
			);
			runOnlyForDeploymentPostprocessing = 0;
		};
/* End PBXResourcesBuildPhase section */

/* Begin PBXSourcesBuildPhase section */
		8F3C427A299A717500EB8CC8 /* Sources */ = {
			isa = PBXSourcesBuildPhase;
			buildActionMask = 2147483647;
			files = (
				8F3C4281299A717500EB8CC8 /* BoxOfficeResultParsingTests.swift in Sources */,
			);
			runOnlyForDeploymentPostprocessing = 0;
		};
		8FAC904729963FF200DEC80C /* Sources */ = {
			isa = PBXSourcesBuildPhase;
			buildActionMask = 2147483647;
			files = (
				8F3C428C299A808C00EB8CC8 /* NetworkService.swift in Sources */,
				8F79E88F299CCC97003093D1 /* Date+Extension.swift in Sources */,
				8F79E883299CAF15003093D1 /* URLHost.swift in Sources */,
				8F79E8A3299E42E8003093D1 /* MovieDetail.swift in Sources */,
				8F79E885299CB059003093D1 /* URLPath.swift in Sources */,
				8F3C4279299A2CEE00EB8CC8 /* BoxOfficeResult.swift in Sources */,
				8FAC905329963FF200DEC80C /* BoxOfficeListViewController.swift in Sources */,
				8F79E889299CC17F003093D1 /* HTTPMethod.swift in Sources */,
				8F79E8A9299E67A7003093D1 /* BoxOfficeListViewModel.swift in Sources */,
				8FAC904F29963FF200DEC80C /* AppDelegate.swift in Sources */,
				8F79E8A5299E5B38003093D1 /* MovieDetailAPIRequest.swift in Sources */,
				8F79E887299CBFFC003093D1 /* APIRequestProtocol.swift in Sources */,
				8FAC905129963FF200DEC80C /* SceneDelegate.swift in Sources */,
				8F79E88C299CCB77003093D1 /* KobisDailyBoxOfficeAPIRequest.swift in Sources */,
			);
			runOnlyForDeploymentPostprocessing = 0;
		};
/* End PBXSourcesBuildPhase section */

/* Begin PBXTargetDependency section */
		8F3C4283299A717500EB8CC8 /* PBXTargetDependency */ = {
			isa = PBXTargetDependency;
			target = 8FAC904A29963FF200DEC80C /* CleanBoxOffice */;
			targetProxy = 8F3C4282299A717500EB8CC8 /* PBXContainerItemProxy */;
		};
/* End PBXTargetDependency section */

/* Begin PBXVariantGroup section */
		8FAC905929963FF300DEC80C /* LaunchScreen.storyboard */ = {
			isa = PBXVariantGroup;
			children = (
				8FAC905A29963FF300DEC80C /* Base */,
			);
			name = LaunchScreen.storyboard;
			sourceTree = "<group>";
		};
/* End PBXVariantGroup section */

/* Begin XCBuildConfiguration section */
		8F3C4285299A717500EB8CC8 /* Debug */ = {
			isa = XCBuildConfiguration;
			buildSettings = {
				BUNDLE_LOADER = "$(TEST_HOST)";
				CODE_SIGN_STYLE = Automatic;
				CURRENT_PROJECT_VERSION = 1;
				DEVELOPMENT_TEAM = QW8FL6CWBT;
				GENERATE_INFOPLIST_FILE = YES;
				IPHONEOS_DEPLOYMENT_TARGET = 16.1;
				MACOSX_DEPLOYMENT_TARGET = 13.0;
				MARKETING_VERSION = 1.0;
				PRODUCT_BUNDLE_IDENTIFIER = unchain.BoxOfficeResultParsingTests;
				PRODUCT_NAME = "$(TARGET_NAME)";
				SDKROOT = auto;
				SUPPORTED_PLATFORMS = "iphoneos iphonesimulator macosx";
				SWIFT_EMIT_LOC_STRINGS = NO;
				SWIFT_VERSION = 5.0;
				TARGETED_DEVICE_FAMILY = "1,2";
				TEST_HOST = "$(BUILT_PRODUCTS_DIR)/CleanBoxOffice.app/$(BUNDLE_EXECUTABLE_FOLDER_PATH)/CleanBoxOffice";
			};
			name = Debug;
		};
		8F3C4286299A717500EB8CC8 /* Release */ = {
			isa = XCBuildConfiguration;
			buildSettings = {
				BUNDLE_LOADER = "$(TEST_HOST)";
				CODE_SIGN_STYLE = Automatic;
				CURRENT_PROJECT_VERSION = 1;
				DEVELOPMENT_TEAM = QW8FL6CWBT;
				GENERATE_INFOPLIST_FILE = YES;
				IPHONEOS_DEPLOYMENT_TARGET = 16.1;
				MACOSX_DEPLOYMENT_TARGET = 13.0;
				MARKETING_VERSION = 1.0;
				PRODUCT_BUNDLE_IDENTIFIER = unchain.BoxOfficeResultParsingTests;
				PRODUCT_NAME = "$(TARGET_NAME)";
				SDKROOT = auto;
				SUPPORTED_PLATFORMS = "iphoneos iphonesimulator macosx";
				SWIFT_EMIT_LOC_STRINGS = NO;
				SWIFT_VERSION = 5.0;
				TARGETED_DEVICE_FAMILY = "1,2";
				TEST_HOST = "$(BUILT_PRODUCTS_DIR)/CleanBoxOffice.app/$(BUNDLE_EXECUTABLE_FOLDER_PATH)/CleanBoxOffice";
			};
			name = Release;
		};
		8FAC905D29963FF300DEC80C /* Debug */ = {
			isa = XCBuildConfiguration;
			buildSettings = {
				ALWAYS_SEARCH_USER_PATHS = NO;
				CLANG_ANALYZER_NONNULL = YES;
				CLANG_ANALYZER_NUMBER_OBJECT_CONVERSION = YES_AGGRESSIVE;
				CLANG_CXX_LANGUAGE_STANDARD = "gnu++20";
				CLANG_ENABLE_MODULES = YES;
				CLANG_ENABLE_OBJC_ARC = YES;
				CLANG_ENABLE_OBJC_WEAK = YES;
				CLANG_WARN_BLOCK_CAPTURE_AUTORELEASING = YES;
				CLANG_WARN_BOOL_CONVERSION = YES;
				CLANG_WARN_COMMA = YES;
				CLANG_WARN_CONSTANT_CONVERSION = YES;
				CLANG_WARN_DEPRECATED_OBJC_IMPLEMENTATIONS = YES;
				CLANG_WARN_DIRECT_OBJC_ISA_USAGE = YES_ERROR;
				CLANG_WARN_DOCUMENTATION_COMMENTS = YES;
				CLANG_WARN_EMPTY_BODY = YES;
				CLANG_WARN_ENUM_CONVERSION = YES;
				CLANG_WARN_INFINITE_RECURSION = YES;
				CLANG_WARN_INT_CONVERSION = YES;
				CLANG_WARN_NON_LITERAL_NULL_CONVERSION = YES;
				CLANG_WARN_OBJC_IMPLICIT_RETAIN_SELF = YES;
				CLANG_WARN_OBJC_LITERAL_CONVERSION = YES;
				CLANG_WARN_OBJC_ROOT_CLASS = YES_ERROR;
				CLANG_WARN_QUOTED_INCLUDE_IN_FRAMEWORK_HEADER = YES;
				CLANG_WARN_RANGE_LOOP_ANALYSIS = YES;
				CLANG_WARN_STRICT_PROTOTYPES = YES;
				CLANG_WARN_SUSPICIOUS_MOVE = YES;
				CLANG_WARN_UNGUARDED_AVAILABILITY = YES_AGGRESSIVE;
				CLANG_WARN_UNREACHABLE_CODE = YES;
				CLANG_WARN__DUPLICATE_METHOD_MATCH = YES;
				COPY_PHASE_STRIP = NO;
				DEBUG_INFORMATION_FORMAT = dwarf;
				ENABLE_STRICT_OBJC_MSGSEND = YES;
				ENABLE_TESTABILITY = YES;
				GCC_C_LANGUAGE_STANDARD = gnu11;
				GCC_DYNAMIC_NO_PIC = NO;
				GCC_NO_COMMON_BLOCKS = YES;
				GCC_OPTIMIZATION_LEVEL = 0;
				GCC_PREPROCESSOR_DEFINITIONS = (
					"DEBUG=1",
					"$(inherited)",
				);
				GCC_WARN_64_TO_32_BIT_CONVERSION = YES;
				GCC_WARN_ABOUT_RETURN_TYPE = YES_ERROR;
				GCC_WARN_UNDECLARED_SELECTOR = YES;
				GCC_WARN_UNINITIALIZED_AUTOS = YES_AGGRESSIVE;
				GCC_WARN_UNUSED_FUNCTION = YES;
				GCC_WARN_UNUSED_VARIABLE = YES;
				IPHONEOS_DEPLOYMENT_TARGET = 16.1;
				MTL_ENABLE_DEBUG_INFO = INCLUDE_SOURCE;
				MTL_FAST_MATH = YES;
				ONLY_ACTIVE_ARCH = YES;
				SDKROOT = iphoneos;
				SWIFT_ACTIVE_COMPILATION_CONDITIONS = DEBUG;
				SWIFT_OPTIMIZATION_LEVEL = "-Onone";
			};
			name = Debug;
		};
		8FAC905E29963FF300DEC80C /* Release */ = {
			isa = XCBuildConfiguration;
			buildSettings = {
				ALWAYS_SEARCH_USER_PATHS = NO;
				CLANG_ANALYZER_NONNULL = YES;
				CLANG_ANALYZER_NUMBER_OBJECT_CONVERSION = YES_AGGRESSIVE;
				CLANG_CXX_LANGUAGE_STANDARD = "gnu++20";
				CLANG_ENABLE_MODULES = YES;
				CLANG_ENABLE_OBJC_ARC = YES;
				CLANG_ENABLE_OBJC_WEAK = YES;
				CLANG_WARN_BLOCK_CAPTURE_AUTORELEASING = YES;
				CLANG_WARN_BOOL_CONVERSION = YES;
				CLANG_WARN_COMMA = YES;
				CLANG_WARN_CONSTANT_CONVERSION = YES;
				CLANG_WARN_DEPRECATED_OBJC_IMPLEMENTATIONS = YES;
				CLANG_WARN_DIRECT_OBJC_ISA_USAGE = YES_ERROR;
				CLANG_WARN_DOCUMENTATION_COMMENTS = YES;
				CLANG_WARN_EMPTY_BODY = YES;
				CLANG_WARN_ENUM_CONVERSION = YES;
				CLANG_WARN_INFINITE_RECURSION = YES;
				CLANG_WARN_INT_CONVERSION = YES;
				CLANG_WARN_NON_LITERAL_NULL_CONVERSION = YES;
				CLANG_WARN_OBJC_IMPLICIT_RETAIN_SELF = YES;
				CLANG_WARN_OBJC_LITERAL_CONVERSION = YES;
				CLANG_WARN_OBJC_ROOT_CLASS = YES_ERROR;
				CLANG_WARN_QUOTED_INCLUDE_IN_FRAMEWORK_HEADER = YES;
				CLANG_WARN_RANGE_LOOP_ANALYSIS = YES;
				CLANG_WARN_STRICT_PROTOTYPES = YES;
				CLANG_WARN_SUSPICIOUS_MOVE = YES;
				CLANG_WARN_UNGUARDED_AVAILABILITY = YES_AGGRESSIVE;
				CLANG_WARN_UNREACHABLE_CODE = YES;
				CLANG_WARN__DUPLICATE_METHOD_MATCH = YES;
				COPY_PHASE_STRIP = NO;
				DEBUG_INFORMATION_FORMAT = "dwarf-with-dsym";
				ENABLE_NS_ASSERTIONS = NO;
				ENABLE_STRICT_OBJC_MSGSEND = YES;
				GCC_C_LANGUAGE_STANDARD = gnu11;
				GCC_NO_COMMON_BLOCKS = YES;
				GCC_WARN_64_TO_32_BIT_CONVERSION = YES;
				GCC_WARN_ABOUT_RETURN_TYPE = YES_ERROR;
				GCC_WARN_UNDECLARED_SELECTOR = YES;
				GCC_WARN_UNINITIALIZED_AUTOS = YES_AGGRESSIVE;
				GCC_WARN_UNUSED_FUNCTION = YES;
				GCC_WARN_UNUSED_VARIABLE = YES;
				IPHONEOS_DEPLOYMENT_TARGET = 16.1;
				MTL_ENABLE_DEBUG_INFO = NO;
				MTL_FAST_MATH = YES;
				SDKROOT = iphoneos;
				SWIFT_COMPILATION_MODE = wholemodule;
				SWIFT_OPTIMIZATION_LEVEL = "-O";
				VALIDATE_PRODUCT = YES;
			};
			name = Release;
		};
		8FAC906029963FF300DEC80C /* Debug */ = {
			isa = XCBuildConfiguration;
			buildSettings = {
				ASSETCATALOG_COMPILER_APPICON_NAME = AppIcon;
				ASSETCATALOG_COMPILER_GLOBAL_ACCENT_COLOR_NAME = AccentColor;
				CODE_SIGN_STYLE = Automatic;
				CURRENT_PROJECT_VERSION = 1;
				DEVELOPMENT_TEAM = QW8FL6CWBT;
				GENERATE_INFOPLIST_FILE = YES;
				INFOPLIST_FILE = CleanBoxOffice/Info.plist;
				INFOPLIST_KEY_UIApplicationSupportsIndirectInputEvents = YES;
				INFOPLIST_KEY_UILaunchStoryboardName = LaunchScreen;
				INFOPLIST_KEY_UISupportedInterfaceOrientations_iPad = "UIInterfaceOrientationPortrait UIInterfaceOrientationPortraitUpsideDown UIInterfaceOrientationLandscapeLeft UIInterfaceOrientationLandscapeRight";
				INFOPLIST_KEY_UISupportedInterfaceOrientations_iPhone = "UIInterfaceOrientationPortrait UIInterfaceOrientationLandscapeLeft UIInterfaceOrientationLandscapeRight";
				LD_RUNPATH_SEARCH_PATHS = (
					"$(inherited)",
					"@executable_path/Frameworks",
				);
				MARKETING_VERSION = 1.0;
				PRODUCT_BUNDLE_IDENTIFIER = unchain.CleanBoxOffice;
				PRODUCT_NAME = "$(TARGET_NAME)";
				SWIFT_EMIT_LOC_STRINGS = YES;
				SWIFT_VERSION = 5.0;
				TARGETED_DEVICE_FAMILY = "1,2";
			};
			name = Debug;
		};
		8FAC906129963FF300DEC80C /* Release */ = {
			isa = XCBuildConfiguration;
			buildSettings = {
				ASSETCATALOG_COMPILER_APPICON_NAME = AppIcon;
				ASSETCATALOG_COMPILER_GLOBAL_ACCENT_COLOR_NAME = AccentColor;
				CODE_SIGN_STYLE = Automatic;
				CURRENT_PROJECT_VERSION = 1;
				DEVELOPMENT_TEAM = QW8FL6CWBT;
				GENERATE_INFOPLIST_FILE = YES;
				INFOPLIST_FILE = CleanBoxOffice/Info.plist;
				INFOPLIST_KEY_UIApplicationSupportsIndirectInputEvents = YES;
				INFOPLIST_KEY_UILaunchStoryboardName = LaunchScreen;
				INFOPLIST_KEY_UISupportedInterfaceOrientations_iPad = "UIInterfaceOrientationPortrait UIInterfaceOrientationPortraitUpsideDown UIInterfaceOrientationLandscapeLeft UIInterfaceOrientationLandscapeRight";
				INFOPLIST_KEY_UISupportedInterfaceOrientations_iPhone = "UIInterfaceOrientationPortrait UIInterfaceOrientationLandscapeLeft UIInterfaceOrientationLandscapeRight";
				LD_RUNPATH_SEARCH_PATHS = (
					"$(inherited)",
					"@executable_path/Frameworks",
				);
				MARKETING_VERSION = 1.0;
				PRODUCT_BUNDLE_IDENTIFIER = unchain.CleanBoxOffice;
				PRODUCT_NAME = "$(TARGET_NAME)";
				SWIFT_EMIT_LOC_STRINGS = YES;
				SWIFT_VERSION = 5.0;
				TARGETED_DEVICE_FAMILY = "1,2";
			};
			name = Release;
		};
/* End XCBuildConfiguration section */

/* Begin XCConfigurationList section */
		8F3C4284299A717500EB8CC8 /* Build configuration list for PBXNativeTarget "BoxOfficeResultParsingTests" */ = {
			isa = XCConfigurationList;
			buildConfigurations = (
				8F3C4285299A717500EB8CC8 /* Debug */,
				8F3C4286299A717500EB8CC8 /* Release */,
			);
			defaultConfigurationIsVisible = 0;
			defaultConfigurationName = Release;
		};
		8FAC904629963FF200DEC80C /* Build configuration list for PBXProject "CleanBoxOffice" */ = {
			isa = XCConfigurationList;
			buildConfigurations = (
				8FAC905D29963FF300DEC80C /* Debug */,
				8FAC905E29963FF300DEC80C /* Release */,
			);
			defaultConfigurationIsVisible = 0;
			defaultConfigurationName = Release;
		};
		8FAC905F29963FF300DEC80C /* Build configuration list for PBXNativeTarget "CleanBoxOffice" */ = {
			isa = XCConfigurationList;
			buildConfigurations = (
				8FAC906029963FF300DEC80C /* Debug */,
				8FAC906129963FF300DEC80C /* Release */,
			);
			defaultConfigurationIsVisible = 0;
			defaultConfigurationName = Release;
		};
/* End XCConfigurationList section */

/* Begin XCRemoteSwiftPackageReference section */
		8F3C4287299A804E00EB8CC8 /* XCRemoteSwiftPackageReference "Alamofire" */ = {
			isa = XCRemoteSwiftPackageReference;
			repositoryURL = "https://github.com/Alamofire/Alamofire";
			requirement = {
				kind = upToNextMajorVersion;
				minimumVersion = 5.0.0;
			};
		};
/* End XCRemoteSwiftPackageReference section */

/* Begin XCSwiftPackageProductDependency section */
		8F3C4288299A804E00EB8CC8 /* Alamofire */ = {
			isa = XCSwiftPackageProductDependency;
			package = 8F3C4287299A804E00EB8CC8 /* XCRemoteSwiftPackageReference "Alamofire" */;
			productName = Alamofire;
		};
/* End XCSwiftPackageProductDependency section */
	};
	rootObject = 8FAC904329963FF200DEC80C /* Project object */;
}
